github.com/go-telegram-bot-api/telegram-bot-api/v5 v5.5.1 h1:wG8n/XJQ07TmjbITcGiUaOtXxdrINDz1b0J1w0SzqDc=
github.com/go-telegram-bot-api/telegram-bot-api/v5 v5.5.1/go.mod h1:A2S0CWkNylc2phvKXWBBdD3K0iGnDBGbzRpISP2zBl8=
github.com/joho/godotenv v1.4.0 h1:3l4+N6zfMWnkbPEXKng2o2/MR5mSwTrBih4ZEkkz1lg=
github.com/joho/godotenv v1.4.0/go.mod h1:f4LDr5Voq0i2e/R5DDNOoa2zzDfwtkZa6DnEwAbqwq4=
github.com/paul-mannino/go-fuzzywuzzy v0.0.0-20200127021948-54652b135d0e h1:UMX/0xkc/jcivgGjoBumSA1YwxT3eq6rYeWOOEuPU38=
github.com/paul-mannino/go-fuzzywuzzy v0.0.0-20200127021948-54652b135d0e/go.mod h1:AMWhKRluACdXhJMWJiVOuqwmZvJOcdmjgbla/9zOKzE=
